
Microsoft Visual Studio Solution File, Format Version 12.00
# Visual Studio Version 17
VisualStudioVersion = 17.10.35027.167
MinimumVisualStudioVersion = 10.0.40219.1
Project("{8BC9CEB8-8B4A-11D0-8D11-00A0C91BC942}") = "MyAppImGUI", "MyAppImGUI.vcxproj", "{2DEE5861-3BFB-44A9-A44F-8DAD31814973}"
EndProject
Global
	GlobalSection(SolutionConfigurationPlatforms) = preSolution
		Debug|x64 = Debug|x64
		Debug|x86 = Debug|x86
		Release|x64 = Release|x64
		Release|x86 = Release|x86
	EndGlobalSection
	GlobalSection(ProjectConfigurationPlatforms) = postSolution
		{2DEE5861-3BFB-44A9-A44F-8DAD31814973}.Debug|x64.ActiveCfg = Debug|x64
		{2DEE5861-3BFB-44A9-A44F-8DAD31814973}.Debug|x64.Build.0 = Debug|x64
		{2DEE5861-3BFB-44A9-A44F-8DAD31814973}.Debug|x86.ActiveCfg = Debug|Win32
		{2DEE5861-3BFB-44A9-A44F-8DAD31814973}.Debug|x86.Build.0 = Debug|Win32
		{2DEE5861-3BFB-44A9-A44F-8DAD31814973}.Release|x64.ActiveCfg = Release|x64
		{2DEE5861-3BFB-44A9-A44F-8DAD31814973}.Release|x64.Build.0 = Release|x64
		{2DEE5861-3BFB-44A9-A44F-8DAD31814973}.Release|x86.ActiveCfg = Release|Win32
		{2DEE5861-3BFB-44A9-A44F-8DAD31814973}.Release|x86.Build.0 = Release|Win32
	EndGlobalSection
	GlobalSection(SolutionProperties) = preSolution
		HideSolutionNode = FALSE
	EndGlobalSection
	GlobalSection(ExtensibilityGlobals) = postSolution
		SolutionGuid = {9D54413F-95CA-46BC-8170-651146158FC1}
	EndGlobalSection
EndGlobal
